
Microsoft Visual Studio Solution File, Format Version 12.00
# Visual Studio Version 16
VisualStudioVersion = 16.0.29411.108
MinimumVisualStudioVersion = 10.0.40219.1
Project("{FAE04EC0-301F-11D3-BF4B-00C04F79EFBC}") = "Passcore-winform", "Passcore-winform\Passcore-winform.csproj", "{20E7C0A0-EA0B-4BD1-B679-5D5BBB63B60A}"
EndProject
Global
	GlobalSection(SolutionConfigurationPlatforms) = preSolution
		Debug|Any CPU = Debug|Any CPU
		Release|Any CPU = Release|Any CPU
	EndGlobalSection
	GlobalSection(ProjectConfigurationPlatforms) = postSolution
		{20E7C0A0-EA0B-4BD1-B679-5D5BBB63B60A}.Debug|Any CPU.ActiveCfg = Debug|Any CPU
		{20E7C0A0-EA0B-4BD1-B679-5D5BBB63B60A}.Debug|Any CPU.Build.0 = Debug|Any CPU
		{20E7C0A0-EA0B-4BD1-B679-5D5BBB63B60A}.Release|Any CPU.ActiveCfg = Release|Any CPU
		{20E7C0A0-EA0B-4BD1-B679-5D5BBB63B60A}.Release|Any CPU.Build.0 = Release|Any CPU
	EndGlobalSection
	GlobalSection(SolutionProperties) = preSolution
		HideSolutionNode = FALSE
	EndGlobalSection
	GlobalSection(ExtensibilityGlobals) = postSolution
		SolutionGuid = {EDEC804D-1DB2-428B-88BE-CA77FBDB0D7A}
	EndGlobalSection
EndGlobal
